
Microsoft Visual Studio Solution File, Format Version 12.00
# Visual Studio Version 17
VisualStudioVersion = 17.0.31903.59
MinimumVisualStudioVersion = 10.0.40219.1
Project("{FAE04EC0-301F-11D3-BF4B-00C04F79EFBC}") = "Majlis.Api", "Majlis.Api\Majlis.Api.csproj", "{9259936E-A39B-4375-B219-980966A2FB51}"
EndProject
Project("{FAE04EC0-301F-11D3-BF4B-00C04F79EFBC}") = "Majlis.Application", "Majlis.Application\Majlis.Application.csproj", "{97B190CE-1D26-4F10-BAD4-78FFE7B0DD4A}"
EndProject
Project("{FAE04EC0-301F-11D3-BF4B-00C04F79EFBC}") = "Majlis.Domain", "Majlis.Domain\Majlis.Domain.csproj", "{40A25F38-EB29-4EDC-BE9A-3D9BCF9C1ED6}"
EndProject
Project("{FAE04EC0-301F-11D3-BF4B-00C04F79EFBC}") = "Majlis.Infrastructure", "Majlis.Infrastructure\Majlis.Infrastructure.csproj", "{3CBDCA14-FE60-47AA-BF25-76716DD13254}"
EndProject
Project("{FAE04EC0-301F-11D3-BF4B-00C04F79EFBC}") = "Majlis.Contracts", "Majlis.Contracts\Majlis.Contracts.csproj", "{30AC1934-B44D-4A08-9F92-0DF5AF818F46}"
EndProject
Project("{FAE04EC0-301F-11D3-BF4B-00C04F79EFBC}") = "Majlis.Tests", "Majlis.Tests\Majlis.Tests.csproj", "{0322F82F-FDEF-4C36-A79C-A23800878D00}"
EndProject
Global
	GlobalSection(SolutionConfigurationPlatforms) = preSolution
		Debug|Any CPU = Debug|Any CPU
		Debug|x64 = Debug|x64
		Debug|x86 = Debug|x86
		Release|Any CPU = Release|Any CPU
		Release|x64 = Release|x64
		Release|x86 = Release|x86
	EndGlobalSection
	GlobalSection(ProjectConfigurationPlatforms) = postSolution
		{9259936E-A39B-4375-B219-980966A2FB51}.Debug|Any CPU.ActiveCfg = Debug|Any CPU
		{9259936E-A39B-4375-B219-980966A2FB51}.Debug|Any CPU.Build.0 = Debug|Any CPU
		{9259936E-A39B-4375-B219-980966A2FB51}.Debug|x64.ActiveCfg = Debug|Any CPU
		{9259936E-A39B-4375-B219-980966A2FB51}.Debug|x64.Build.0 = Debug|Any CPU
		{9259936E-A39B-4375-B219-980966A2FB51}.Debug|x86.ActiveCfg = Debug|Any CPU
		{9259936E-A39B-4375-B219-980966A2FB51}.Debug|x86.Build.0 = Debug|Any CPU
		{9259936E-A39B-4375-B219-980966A2FB51}.Release|Any CPU.ActiveCfg = Release|Any CPU
		{9259936E-A39B-4375-B219-980966A2FB51}.Release|Any CPU.Build.0 = Release|Any CPU
		{9259936E-A39B-4375-B219-980966A2FB51}.Release|x64.ActiveCfg = Release|Any CPU
		{9259936E-A39B-4375-B219-980966A2FB51}.Release|x64.Build.0 = Release|Any CPU
		{9259936E-A39B-4375-B219-980966A2FB51}.Release|x86.ActiveCfg = Release|Any CPU
		{9259936E-A39B-4375-B219-980966A2FB51}.Release|x86.Build.0 = Release|Any CPU
		{97B190CE-1D26-4F10-BAD4-78FFE7B0DD4A}.Debug|Any CPU.ActiveCfg = Debug|Any CPU
		{97B190CE-1D26-4F10-BAD4-78FFE7B0DD4A}.Debug|Any CPU.Build.0 = Debug|Any CPU
		{97B190CE-1D26-4F10-BAD4-78FFE7B0DD4A}.Debug|x64.ActiveCfg = Debug|Any CPU
		{97B190CE-1D26-4F10-BAD4-78FFE7B0DD4A}.Debug|x64.Build.0 = Debug|Any CPU
		{97B190CE-1D26-4F10-BAD4-78FFE7B0DD4A}.Debug|x86.ActiveCfg = Debug|Any CPU
		{97B190CE-1D26-4F10-BAD4-78FFE7B0DD4A}.Debug|x86.Build.0 = Debug|Any CPU
		{97B190CE-1D26-4F10-BAD4-78FFE7B0DD4A}.Release|Any CPU.ActiveCfg = Release|Any CPU
		{97B190CE-1D26-4F10-BAD4-78FFE7B0DD4A}.Release|Any CPU.Build.0 = Release|Any CPU
		{97B190CE-1D26-4F10-BAD4-78FFE7B0DD4A}.Release|x64.ActiveCfg = Release|Any CPU
		{97B190CE-1D26-4F10-BAD4-78FFE7B0DD4A}.Release|x64.Build.0 = Release|Any CPU
		{97B190CE-1D26-4F10-BAD4-78FFE7B0DD4A}.Release|x86.ActiveCfg = Release|Any CPU
		{97B190CE-1D26-4F10-BAD4-78FFE7B0DD4A}.Release|x86.Build.0 = Release|Any CPU
		{40A25F38-EB29-4EDC-BE9A-3D9BCF9C1ED6}.Debug|Any CPU.ActiveCfg = Debug|Any CPU
		{40A25F38-EB29-4EDC-BE9A-3D9BCF9C1ED6}.Debug|Any CPU.Build.0 = Debug|Any CPU
		{40A25F38-EB29-4EDC-BE9A-3D9BCF9C1ED6}.Debug|x64.ActiveCfg = Debug|Any CPU
		{40A25F38-EB29-4EDC-BE9A-3D9BCF9C1ED6}.Debug|x64.Build.0 = Debug|Any CPU
		{40A25F38-EB29-4EDC-BE9A-3D9BCF9C1ED6}.Debug|x86.ActiveCfg = Debug|Any CPU
		{40A25F38-EB29-4EDC-BE9A-3D9BCF9C1ED6}.Debug|x86.Build.0 = Debug|Any CPU
		{40A25F38-EB29-4EDC-BE9A-3D9BCF9C1ED6}.Release|Any CPU.ActiveCfg = Release|Any CPU
		{40A25F38-EB29-4EDC-BE9A-3D9BCF9C1ED6}.Release|Any CPU.Build.0 = Release|Any CPU
		{40A25F38-EB29-4EDC-BE9A-3D9BCF9C1ED6}.Release|x64.ActiveCfg = Release|Any CPU
		{40A25F38-EB29-4EDC-BE9A-3D9BCF9C1ED6}.Release|x64.Build.0 = Release|Any CPU
		{40A25F38-EB29-4EDC-BE9A-3D9BCF9C1ED6}.Release|x86.ActiveCfg = Release|Any CPU
		{40A25F38-EB29-4EDC-BE9A-3D9BCF9C1ED6}.Release|x86.Build.0 = Release|Any CPU
		{3CBDCA14-FE60-47AA-BF25-76716DD13254}.Debug|Any CPU.ActiveCfg = Debug|Any CPU
		{3CBDCA14-FE60-47AA-BF25-76716DD13254}.Debug|Any CPU.Build.0 = Debug|Any CPU
		{3CBDCA14-FE60-47AA-BF25-76716DD13254}.Debug|x64.ActiveCfg = Debug|Any CPU
		{3CBDCA14-FE60-47AA-BF25-76716DD13254}.Debug|x64.Build.0 = Debug|Any CPU
		{3CBDCA14-FE60-47AA-BF25-76716DD13254}.Debug|x86.ActiveCfg = Debug|Any CPU
		{3CBDCA14-FE60-47AA-BF25-76716DD13254}.Debug|x86.Build.0 = Debug|Any CPU
		{3CBDCA14-FE60-47AA-BF25-76716DD13254}.Release|Any CPU.ActiveCfg = Release|Any CPU
		{3CBDCA14-FE60-47AA-BF25-76716DD13254}.Release|Any CPU.Build.0 = Release|Any CPU
		{3CBDCA14-FE60-47AA-BF25-76716DD13254}.Release|x64.ActiveCfg = Release|Any CPU
		{3CBDCA14-FE60-47AA-BF25-76716DD13254}.Release|x64.Build.0 = Release|Any CPU
		{3CBDCA14-FE60-47AA-BF25-76716DD13254}.Release|x86.ActiveCfg = Release|Any CPU
		{3CBDCA14-FE60-47AA-BF25-76716DD13254}.Release|x86.Build.0 = Release|Any CPU
		{30AC1934-B44D-4A08-9F92-0DF5AF818F46}.Debug|Any CPU.ActiveCfg = Debug|Any CPU
		{30AC1934-B44D-4A08-9F92-0DF5AF818F46}.Debug|Any CPU.Build.0 = Debug|Any CPU
		{30AC1934-B44D-4A08-9F92-0DF5AF818F46}.Debug|x64.ActiveCfg = Debug|Any CPU
		{30AC1934-B44D-4A08-9F92-0DF5AF818F46}.Debug|x64.Build.0 = Debug|Any CPU
		{30AC1934-B44D-4A08-9F92-0DF5AF818F46}.Debug|x86.ActiveCfg = Debug|Any CPU
		{30AC1934-B44D-4A08-9F92-0DF5AF818F46}.Debug|x86.Build.0 = Debug|Any CPU
		{30AC1934-B44D-4A08-9F92-0DF5AF818F46}.Release|Any CPU.ActiveCfg = Release|Any CPU
		{30AC1934-B44D-4A08-9F92-0DF5AF818F46}.Release|Any CPU.Build.0 = Release|Any CPU
		{30AC1934-B44D-4A08-9F92-0DF5AF818F46}.Release|x64.ActiveCfg = Release|Any CPU
		{30AC1934-B44D-4A08-9F92-0DF5AF818F46}.Release|x64.Build.0 = Release|Any CPU
		{30AC1934-B44D-4A08-9F92-0DF5AF818F46}.Release|x86.ActiveCfg = Release|Any CPU
		{30AC1934-B44D-4A08-9F92-0DF5AF818F46}.Release|x86.Build.0 = Release|Any CPU
		{0322F82F-FDEF-4C36-A79C-A23800878D00}.Debug|Any CPU.ActiveCfg = Debug|Any CPU
		{0322F82F-FDEF-4C36-A79C-A23800878D00}.Debug|Any CPU.Build.0 = Debug|Any CPU
		{0322F82F-FDEF-4C36-A79C-A23800878D00}.Debug|x64.ActiveCfg = Debug|Any CPU
		{0322F82F-FDEF-4C36-A79C-A23800878D00}.Debug|x64.Build.0 = Debug|Any CPU
		{0322F82F-FDEF-4C36-A79C-A23800878D00}.Debug|x86.ActiveCfg = Debug|Any CPU
		{0322F82F-FDEF-4C36-A79C-A23800878D00}.Debug|x86.Build.0 = Debug|Any CPU
		{0322F82F-FDEF-4C36-A79C-A23800878D00}.Release|Any CPU.ActiveCfg = Release|Any CPU
		{0322F82F-FDEF-4C36-A79C-A23800878D00}.Release|Any CPU.Build.0 = Release|Any CPU
		{0322F82F-FDEF-4C36-A79C-A23800878D00}.Release|x64.ActiveCfg = Release|Any CPU
		{0322F82F-FDEF-4C36-A79C-A23800878D00}.Release|x64.Build.0 = Release|Any CPU
		{0322F82F-FDEF-4C36-A79C-A23800878D00}.Release|x86.ActiveCfg = Release|Any CPU
		{0322F82F-FDEF-4C36-A79C-A23800878D00}.Release|x86.Build.0 = Release|Any CPU
	EndGlobalSection
	GlobalSection(SolutionProperties) = preSolution
		HideSolutionNode = FALSE
	EndGlobalSection
EndGlobal
